
Microsoft Visual Studio Solution File, Format Version 12.00
# Visual Studio Version 16
VisualStudioVersion = 16.0.31729.503
MinimumVisualStudioVersion = 10.0.40219.1
Project("{FAE04EC0-301F-11D3-BF4B-00C04F79EFBC}") = "DellHardwareMonitor", "DellHardwareMonitor\DellHardwareMonitor.csproj", "{5B73071C-E82A-47C9-8799-FC9DF706F0A3}"
EndProject
Project("{9A19103F-16F7-4668-BE54-9A1E7A4F7556}") = "LibreHardwareMonitorLib", "LibreHardwareMonitor\LibreHardwareMonitorLib\LibreHardwareMonitorLib.csproj", "{CD3B2BBD-54F5-4749-946A-032FA69236CD}"
EndProject
Project("{FAE04EC0-301F-11D3-BF4B-00C04F79EFBC}") = "DellSmbiosBzhLib", "DellFanManagement\DellSmbiosBzhLib\DellSmbiosBzhLib.csproj", "{84CECE63-519A-406B-BB8F-2991F6191817}"
EndProject
Global
	GlobalSection(SolutionConfigurationPlatforms) = preSolution
		Debug|Any CPU = Debug|Any CPU
		Debug|x64 = Debug|x64
		Release|Any CPU = Release|Any CPU
		Release|x64 = Release|x64
	EndGlobalSection
	GlobalSection(ProjectConfigurationPlatforms) = postSolution
		{5B73071C-E82A-47C9-8799-FC9DF706F0A3}.Debug|Any CPU.ActiveCfg = Debug|Any CPU
		{5B73071C-E82A-47C9-8799-FC9DF706F0A3}.Debug|Any CPU.Build.0 = Debug|Any CPU
		{5B73071C-E82A-47C9-8799-FC9DF706F0A3}.Debug|x64.ActiveCfg = Debug|x64
		{5B73071C-E82A-47C9-8799-FC9DF706F0A3}.Debug|x64.Build.0 = Debug|x64
		{5B73071C-E82A-47C9-8799-FC9DF706F0A3}.Release|Any CPU.ActiveCfg = Release|Any CPU
		{5B73071C-E82A-47C9-8799-FC9DF706F0A3}.Release|Any CPU.Build.0 = Release|Any CPU
		{5B73071C-E82A-47C9-8799-FC9DF706F0A3}.Release|x64.ActiveCfg = Release|x64
		{5B73071C-E82A-47C9-8799-FC9DF706F0A3}.Release|x64.Build.0 = Release|x64
		{CD3B2BBD-54F5-4749-946A-032FA69236CD}.Debug|Any CPU.ActiveCfg = Debug|Any CPU
		{CD3B2BBD-54F5-4749-946A-032FA69236CD}.Debug|Any CPU.Build.0 = Debug|Any CPU
		{CD3B2BBD-54F5-4749-946A-032FA69236CD}.Debug|x64.ActiveCfg = Debug|Any CPU
		{CD3B2BBD-54F5-4749-946A-032FA69236CD}.Debug|x64.Build.0 = Debug|Any CPU
		{CD3B2BBD-54F5-4749-946A-032FA69236CD}.Release|Any CPU.ActiveCfg = Release|Any CPU
		{CD3B2BBD-54F5-4749-946A-032FA69236CD}.Release|Any CPU.Build.0 = Release|Any CPU
		{CD3B2BBD-54F5-4749-946A-032FA69236CD}.Release|x64.ActiveCfg = Release|Any CPU
		{CD3B2BBD-54F5-4749-946A-032FA69236CD}.Release|x64.Build.0 = Release|Any CPU
		{84CECE63-519A-406B-BB8F-2991F6191817}.Debug|Any CPU.ActiveCfg = Debug|Any CPU
		{84CECE63-519A-406B-BB8F-2991F6191817}.Debug|Any CPU.Build.0 = Debug|Any CPU
		{84CECE63-519A-406B-BB8F-2991F6191817}.Debug|x64.ActiveCfg = Debug|Any CPU
		{84CECE63-519A-406B-BB8F-2991F6191817}.Debug|x64.Build.0 = Debug|Any CPU
		{84CECE63-519A-406B-BB8F-2991F6191817}.Release|Any CPU.ActiveCfg = Release|Any CPU
		{84CECE63-519A-406B-BB8F-2991F6191817}.Release|Any CPU.Build.0 = Release|Any CPU
		{84CECE63-519A-406B-BB8F-2991F6191817}.Release|x64.ActiveCfg = Release|Any CPU
		{84CECE63-519A-406B-BB8F-2991F6191817}.Release|x64.Build.0 = Release|Any CPU
	EndGlobalSection
	GlobalSection(SolutionProperties) = preSolution
		HideSolutionNode = FALSE
	EndGlobalSection
	GlobalSection(ExtensibilityGlobals) = postSolution
		SolutionGuid = {28566D0D-8CA3-47EA-9263-B4ECEA492B61}
	EndGlobalSection
EndGlobal
